
Microsoft Visual Studio Solution File, Format Version 12.00
# Visual Studio Version 16
VisualStudioVersion = 16.0.31112.23
MinimumVisualStudioVersion = 10.0.40219.1
Project("{FAE04EC0-301F-11D3-BF4B-00C04F79EFBC}") = "Project1", "Project1\Project1.csproj", "{65D60103-A7EC-4F30-8EF7-EBA2E102A3B7}"
EndProject
Global
	GlobalSection(SolutionConfigurationPlatforms) = preSolution
		Debug|Any CPU = Debug|Any CPU
		Release|Any CPU = Release|Any CPU
	EndGlobalSection
	GlobalSection(ProjectConfigurationPlatforms) = postSolution
		{65D60103-A7EC-4F30-8EF7-EBA2E102A3B7}.Debug|Any CPU.ActiveCfg = Debug|Any CPU
		{65D60103-A7EC-4F30-8EF7-EBA2E102A3B7}.Debug|Any CPU.Build.0 = Debug|Any CPU
		{65D60103-A7EC-4F30-8EF7-EBA2E102A3B7}.Release|Any CPU.ActiveCfg = Release|Any CPU
		{65D60103-A7EC-4F30-8EF7-EBA2E102A3B7}.Release|Any CPU.Build.0 = Release|Any CPU
	EndGlobalSection
	GlobalSection(SolutionProperties) = preSolution
		HideSolutionNode = FALSE
	EndGlobalSection
	GlobalSection(ExtensibilityGlobals) = postSolution
		SolutionGuid = {707C7A47-670F-4B18-AFE9-8A8804EDEAFF}
	EndGlobalSection
EndGlobal
